// !$*UTF8*$!
{
	archiveVersion = 1;
	classes = {
	};
	objectVersion = 56;
	objects = {

/* Begin PBXBuildFile section */
		756EADC02F75AA8300C3E9B2 /* podcaxtApp.swift in Sources */ = {isa = PBXBuildFile; fileRef = 756EADBF2F75AA8300C3E9B2 /* podcaxtApp.swift */; };
		756EADC42F75AA8400C3E9B2 /* Assets.xcassets in Resources */ = {isa = PBXBuildFile; fileRef = 756EADC32F75AA8400C3E9B2 /* Assets.xcassets */; };
		756EADC72F75AA8400C3E9B2 /* Preview Assets.xcassets in Resources */ = {isa = PBXBuildFile; fileRef = 756EADC62F75AA8400C3E9B2 /* Preview Assets.xcassets */; };
		756EADD12F75AA8500C3E9B2 /* podcaxtTests.swift in Sources */ = {isa = PBXBuildFile; fileRef = 756EADD02F75AA8500C3E9B2 /* podcaxtTests.swift */; };
		756EADDB2F75AA8500C3E9B2 /* podcaxtUITests.swift in Sources */ = {isa = PBXBuildFile; fileRef = 756EADDA2F75AA8500C3E9B2 /* podcaxtUITests.swift */; };
		756EADDD2F75AA8500C3E9B2 /* podcaxtUITestsLaunchTests.swift in Sources */ = {isa = PBXBuildFile; fileRef = 756EADDC2F75AA8500C3E9B2 /* podcaxtUITestsLaunchTests.swift */; };
		756EADF12F75B63600C3E9B2 /* RSSFeedURL.swift in Sources */ = {isa = PBXBuildFile; fileRef = 756EADEE2F75B63600C3E9B2 /* RSSFeedURL.swift */; };
		756EADF22F75B63600C3E9B2 /* Podcast.swift in Sources */ = {isa = PBXBuildFile; fileRef = 756EADEF2F75B63600C3E9B2 /* Podcast.swift */; };
		756EADF32F75B63600C3E9B2 /* Episode.swift in Sources */ = {isa = PBXBuildFile; fileRef = 756EADF02F75B63600C3E9B2 /* Episode.swift */; };
		756EADFC2F75B89F00C3E9B2 /* ImageCache.swift in Sources */ = {isa = PBXBuildFile; fileRef = 756EADF82F75B89F00C3E9B2 /* ImageCache.swift */; };
		756EADFF2F75C08F00C3E9B2 /* ImageService.swift in Sources */ = {isa = PBXBuildFile; fileRef = 756EADFE2F75C08F00C3E9B2 /* ImageService.swift */; };
		756EAE0A2F75CFCD00C3E9B2 /* RSSCache.swift in Sources */ = {isa = PBXBuildFile; fileRef = 756EAE092F75CFCD00C3E9B2 /* RSSCache.swift */; };
		756EAE0F2F75CFD400C3E9B2 /* RSSParser.swift in Sources */ = {isa = PBXBuildFile; fileRef = 756EAE0C2F75CFD400C3E9B2 /* RSSParser.swift */; };
		756EAE102F75CFD400C3E9B2 /* RSSService.swift in Sources */ = {isa = PBXBuildFile; fileRef = 756EAE0D2F75CFD400C3E9B2 /* RSSService.swift */; };
		75B547652F780D630061301C /* RSSInputView.swift in Sources */ = {isa = PBXBuildFile; fileRef = 75B547642F780D630061301C /* RSSInputView.swift */; };
		75B547672F781BAB0061301C /* URLSession+Debug.swift in Sources */ = {isa = PBXBuildFile; fileRef = 75B547662F781BAB0061301C /* URLSession+Debug.swift */; };
		75B5476A2F7822AF0061301C /* PodcastDetailViewModel.swift in Sources */ = {isa = PBXBuildFile; fileRef = 75B547682F7822AF0061301C /* PodcastDetailViewModel.swift */; };
		75B5476D2F78241A0061301C /* ImageLoader.swift in Sources */ = {isa = PBXBuildFile; fileRef = 75B5476B2F78241A0061301C /* ImageLoader.swift */; };
		75B5476F2F7842B10061301C /* PodcastDetailView.swift in Sources */ = {isa = PBXBuildFile; fileRef = 75B5476E2F7842B10061301C /* PodcastDetailView.swift */; };
		75B547712F78435A0061301C /* Podcast+Mock.swift in Sources */ = {isa = PBXBuildFile; fileRef = 75B547702F78435A0061301C /* Podcast+Mock.swift */; };
		75C2DC772F768CC70040CB75 /* PersistenceService.swift in Sources */ = {isa = PBXBuildFile; fileRef = 75C2DC762F768CC70040CB75 /* PersistenceService.swift */; };
		75C2DC792F76B34F0040CB75 /* AudioPlayerService.swift in Sources */ = {isa = PBXBuildFile; fileRef = 75C2DC782F76B34F0040CB75 /* AudioPlayerService.swift */; };
		75F3FB4C2F7761B900FEC5C7 /* RSSInputViewModel.swift in Sources */ = {isa = PBXBuildFile; fileRef = 75F3FB4A2F7761B900FEC5C7 /* RSSInputViewModel.swift */; };
		75F3FB502F77633800FEC5C7 /* URL+RSS.swift in Sources */ = {isa = PBXBuildFile; fileRef = 75F3FB4D2F77633800FEC5C7 /* URL+RSS.swift */; };
/* End PBXBuildFile section */

/* Begin PBXContainerItemProxy section */
		756EADCD2F75AA8500C3E9B2 /* PBXContainerItemProxy */ = {
			isa = PBXContainerItemProxy;
			containerPortal = 756EADB42F75AA8300C3E9B2 /* Project object */;
			proxyType = 1;
			remoteGlobalIDString = 756EADBB2F75AA8300C3E9B2;
			remoteInfo = podcaxt;
		};
		756EADD72F75AA8500C3E9B2 /* PBXContainerItemProxy */ = {
			isa = PBXContainerItemProxy;
			containerPortal = 756EADB42F75AA8300C3E9B2 /* Project object */;
			proxyType = 1;
			remoteGlobalIDString = 756EADBB2F75AA8300C3E9B2;
			remoteInfo = podcaxt;
		};
/* End PBXContainerItemProxy section */

/* Begin PBXFileReference section */
		756EADBC2F75AA8300C3E9B2 /* podcaxt.app */ = {isa = PBXFileReference; explicitFileType = wrapper.application; includeInIndex = 0; path = podcaxt.app; sourceTree = BUILT_PRODUCTS_DIR; };
		756EADBF2F75AA8300C3E9B2 /* podcaxtApp.swift */ = {isa = PBXFileReference; lastKnownFileType = sourcecode.swift; path = podcaxtApp.swift; sourceTree = "<group>"; };
		756EADC32F75AA8400C3E9B2 /* Assets.xcassets */ = {isa = PBXFileReference; lastKnownFileType = folder.assetcatalog; path = Assets.xcassets; sourceTree = "<group>"; };
		756EADC62F75AA8400C3E9B2 /* Preview Assets.xcassets */ = {isa = PBXFileReference; lastKnownFileType = folder.assetcatalog; path = "Preview Assets.xcassets"; sourceTree = "<group>"; };
		756EADCC2F75AA8500C3E9B2 /* podcaxtTests.xctest */ = {isa = PBXFileReference; explicitFileType = wrapper.cfbundle; includeInIndex = 0; path = podcaxtTests.xctest; sourceTree = BUILT_PRODUCTS_DIR; };
		756EADD02F75AA8500C3E9B2 /* podcaxtTests.swift */ = {isa = PBXFileReference; lastKnownFileType = sourcecode.swift; path = podcaxtTests.swift; sourceTree = "<group>"; };
		756EADD62F75AA8500C3E9B2 /* podcaxtUITests.xctest */ = {isa = PBXFileReference; explicitFileType = wrapper.cfbundle; includeInIndex = 0; path = podcaxtUITests.xctest; sourceTree = BUILT_PRODUCTS_DIR; };
		756EADDA2F75AA8500C3E9B2 /* podcaxtUITests.swift */ = {isa = PBXFileReference; lastKnownFileType = sourcecode.swift; path = podcaxtUITests.swift; sourceTree = "<group>"; };
		756EADDC2F75AA8500C3E9B2 /* podcaxtUITestsLaunchTests.swift */ = {isa = PBXFileReference; lastKnownFileType = sourcecode.swift; path = podcaxtUITestsLaunchTests.swift; sourceTree = "<group>"; };
		756EADEE2F75B63600C3E9B2 /* RSSFeedURL.swift */ = {isa = PBXFileReference; fileEncoding = 4; lastKnownFileType = sourcecode.swift; name = RSSFeedURL.swift; path = podcaxt/Models/RSSFeedURL.swift; sourceTree = SOURCE_ROOT; };
		756EADEF2F75B63600C3E9B2 /* Podcast.swift */ = {isa = PBXFileReference; fileEncoding = 4; lastKnownFileType = sourcecode.swift; name = Podcast.swift; path = podcaxt/Models/Podcast.swift; sourceTree = SOURCE_ROOT; };
		756EADF02F75B63600C3E9B2 /* Episode.swift */ = {isa = PBXFileReference; fileEncoding = 4; lastKnownFileType = sourcecode.swift; name = Episode.swift; path = podcaxt/Models/Episode.swift; sourceTree = SOURCE_ROOT; };
		756EADF82F75B89F00C3E9B2 /* ImageCache.swift */ = {isa = PBXFileReference; fileEncoding = 4; lastKnownFileType = sourcecode.swift; name = ImageCache.swift; path = podcaxt/Data/Cache/ImageCache.swift; sourceTree = SOURCE_ROOT; };
		756EADFE2F75C08F00C3E9B2 /* ImageService.swift */ = {isa = PBXFileReference; fileEncoding = 4; lastKnownFileType = sourcecode.swift; name = ImageService.swift; path = podcaxt/Services/ImageService.swift; sourceTree = SOURCE_ROOT; };
		756EAE092F75CFCD00C3E9B2 /* RSSCache.swift */ = {isa = PBXFileReference; fileEncoding = 4; lastKnownFileType = sourcecode.swift; path = RSSCache.swift; sourceTree = "<group>"; };
		756EAE0C2F75CFD400C3E9B2 /* RSSParser.swift */ = {isa = PBXFileReference; fileEncoding = 4; lastKnownFileType = sourcecode.swift; path = RSSParser.swift; sourceTree = "<group>"; };
		756EAE0D2F75CFD400C3E9B2 /* RSSService.swift */ = {isa = PBXFileReference; fileEncoding = 4; lastKnownFileType = sourcecode.swift; path = RSSService.swift; sourceTree = "<group>"; };
		75B547642F780D630061301C /* RSSInputView.swift */ = {isa = PBXFileReference; fileEncoding = 4; lastKnownFileType = sourcecode.swift; path = RSSInputView.swift; sourceTree = "<group>"; };
		75B547662F781BAB0061301C /* URLSession+Debug.swift */ = {isa = PBXFileReference; fileEncoding = 4; lastKnownFileType = sourcecode.swift; path = "URLSession+Debug.swift"; sourceTree = "<group>"; };
		75B547682F7822AF0061301C /* PodcastDetailViewModel.swift */ = {isa = PBXFileReference; fileEncoding = 4; lastKnownFileType = sourcecode.swift; path = PodcastDetailViewModel.swift; sourceTree = "<group>"; };
		75B5476B2F78241A0061301C /* ImageLoader.swift */ = {isa = PBXFileReference; fileEncoding = 4; lastKnownFileType = sourcecode.swift; path = ImageLoader.swift; sourceTree = "<group>"; };
		75B5476E2F7842B10061301C /* PodcastDetailView.swift */ = {isa = PBXFileReference; fileEncoding = 4; lastKnownFileType = sourcecode.swift; path = PodcastDetailView.swift; sourceTree = "<group>"; };
		75B547702F78435A0061301C /* Podcast+Mock.swift */ = {isa = PBXFileReference; fileEncoding = 4; lastKnownFileType = sourcecode.swift; path = "Podcast+Mock.swift"; sourceTree = "<group>"; };
		75C2DC762F768CC70040CB75 /* PersistenceService.swift */ = {isa = PBXFileReference; fileEncoding = 4; lastKnownFileType = sourcecode.swift; path = PersistenceService.swift; sourceTree = "<group>"; };
		75C2DC782F76B34F0040CB75 /* AudioPlayerService.swift */ = {isa = PBXFileReference; fileEncoding = 4; lastKnownFileType = sourcecode.swift; path = AudioPlayerService.swift; sourceTree = "<group>"; };
		75F3FB4A2F7761B900FEC5C7 /* RSSInputViewModel.swift */ = {isa = PBXFileReference; fileEncoding = 4; lastKnownFileType = sourcecode.swift; path = RSSInputViewModel.swift; sourceTree = "<group>"; };
		75F3FB4D2F77633800FEC5C7 /* URL+RSS.swift */ = {isa = PBXFileReference; fileEncoding = 4; lastKnownFileType = sourcecode.swift; path = "URL+RSS.swift"; sourceTree = "<group>"; };
/* End PBXFileReference section */

/* Begin PBXFrameworksBuildPhase section */
		756EADB92F75AA8300C3E9B2 /* Frameworks */ = {
			isa = PBXFrameworksBuildPhase;
			buildActionMask = 2147483647;
			files = (
			);
			runOnlyForDeploymentPostprocessing = 0;
		};
		756EADC92F75AA8500C3E9B2 /* Frameworks */ = {
			isa = PBXFrameworksBuildPhase;
			buildActionMask = 2147483647;
			files = (
			);
			runOnlyForDeploymentPostprocessing = 0;
		};
		756EADD32F75AA8500C3E9B2 /* Frameworks */ = {
			isa = PBXFrameworksBuildPhase;
			buildActionMask = 2147483647;
			files = (
			);
			runOnlyForDeploymentPostprocessing = 0;
		};
/* End PBXFrameworksBuildPhase section */

/* Begin PBXGroup section */
		756EADB32F75AA8300C3E9B2 = {
			isa = PBXGroup;
			children = (
				756EADBE2F75AA8300C3E9B2 /* podcaxt */,
				756EADCF2F75AA8500C3E9B2 /* podcaxtTests */,
				756EADD92F75AA8500C3E9B2 /* podcaxtUITests */,
				756EADBD2F75AA8300C3E9B2 /* Products */,
			);
			sourceTree = "<group>";
		};
		756EADBD2F75AA8300C3E9B2 /* Products */ = {
			isa = PBXGroup;
			children = (
				756EADBC2F75AA8300C3E9B2 /* podcaxt.app */,
				756EADCC2F75AA8500C3E9B2 /* podcaxtTests.xctest */,
				756EADD62F75AA8500C3E9B2 /* podcaxtUITests.xctest */,
			);
			name = Products;
			sourceTree = "<group>";
		};
		756EADBE2F75AA8300C3E9B2 /* podcaxt */ = {
			isa = PBXGroup;
			children = (
				756EADE92F75B5DF00C3E9B2 /* App */,
				75F3FB4F2F77633800FEC5C7 /* Core */,
				756EADF42F75B88400C3E9B2 /* Data */,
				756EADEA2F75B5FC00C3E9B2 /* Domain */,
				756EADEC2F75B61100C3E9B2 /* Presentation */,
				756EADED2F75B61C00C3E9B2 /* Resources */,
				756EADC52F75AA8400C3E9B2 /* Preview Content */,
			);
			path = podcaxt;
			sourceTree = "<group>";
		};
		756EADC52F75AA8400C3E9B2 /* Preview Content */ = {
			isa = PBXGroup;
			children = (
				75B547702F78435A0061301C /* Podcast+Mock.swift */,
				756EADC62F75AA8400C3E9B2 /* Preview Assets.xcassets */,
			);
			path = "Preview Content";
			sourceTree = "<group>";
		};
		756EADCF2F75AA8500C3E9B2 /* podcaxtTests */ = {
			isa = PBXGroup;
			children = (
				756EADD02F75AA8500C3E9B2 /* podcaxtTests.swift */,
			);
			path = podcaxtTests;
			sourceTree = "<group>";
		};
		756EADD92F75AA8500C3E9B2 /* podcaxtUITests */ = {
			isa = PBXGroup;
			children = (
				756EADDA2F75AA8500C3E9B2 /* podcaxtUITests.swift */,
				756EADDC2F75AA8500C3E9B2 /* podcaxtUITestsLaunchTests.swift */,
			);
			path = podcaxtUITests;
			sourceTree = "<group>";
		};
		756EADE92F75B5DF00C3E9B2 /* App */ = {
			isa = PBXGroup;
			children = (
				756EADBF2F75AA8300C3E9B2 /* podcaxtApp.swift */,
			);
			path = App;
			sourceTree = "<group>";
		};
		756EADEA2F75B5FC00C3E9B2 /* Domain */ = {
			isa = PBXGroup;
			children = (
				756EADEB2F75B60200C3E9B2 /* Models */,
			);
			path = Domain;
			sourceTree = "<group>";
		};
		756EADEB2F75B60200C3E9B2 /* Models */ = {
			isa = PBXGroup;
			children = (
				756EADF02F75B63600C3E9B2 /* Episode.swift */,
				756EADEF2F75B63600C3E9B2 /* Podcast.swift */,
				756EADEE2F75B63600C3E9B2 /* RSSFeedURL.swift */,
			);
			path = Models;
			sourceTree = "<group>";
		};
		756EADEC2F75B61100C3E9B2 /* Presentation */ = {
			isa = PBXGroup;
			children = (
				75B5476C2F78241A0061301C /* Components */,
				75B547692F7822AF0061301C /* PodcastDetail */,
				75F3FB4B2F7761B900FEC5C7 /* RSSInput */,
			);
			path = Presentation;
			sourceTree = "<group>";
		};
		756EADED2F75B61C00C3E9B2 /* Resources */ = {
			isa = PBXGroup;
			children = (
				756EADC32F75AA8400C3E9B2 /* Assets.xcassets */,
			);
			path = Resources;
			sourceTree = "<group>";
		};
		756EADF42F75B88400C3E9B2 /* Data */ = {
			isa = PBXGroup;
			children = (
				756EAE002F75C1A600C3E9B2 /* Cache */,
				756EADF52F75B88D00C3E9B2 /* Services */,
			);
			path = Data;
			sourceTree = "<group>";
		};
		756EADF52F75B88D00C3E9B2 /* Services */ = {
			isa = PBXGroup;
			children = (
				75C2DC782F76B34F0040CB75 /* AudioPlayerService.swift */,
				756EADFE2F75C08F00C3E9B2 /* ImageService.swift */,
				75C2DC762F768CC70040CB75 /* PersistenceService.swift */,
				756EAE0C2F75CFD400C3E9B2 /* RSSParser.swift */,
				756EAE0D2F75CFD400C3E9B2 /* RSSService.swift */,
			);
			path = Services;
			sourceTree = "<group>";
		};
		756EAE002F75C1A600C3E9B2 /* Cache */ = {
			isa = PBXGroup;
			children = (
				756EADF82F75B89F00C3E9B2 /* ImageCache.swift */,
				756EAE092F75CFCD00C3E9B2 /* RSSCache.swift */,
			);
			path = Cache;
			sourceTree = "<group>";
		};
		75B547692F7822AF0061301C /* PodcastDetail */ = {
			isa = PBXGroup;
			children = (
				75B5476E2F7842B10061301C /* PodcastDetailView.swift */,
				75B547682F7822AF0061301C /* PodcastDetailViewModel.swift */,
			);
			path = PodcastDetail;
			sourceTree = "<group>";
		};
		75B5476C2F78241A0061301C /* Components */ = {
			isa = PBXGroup;
			children = (
				75B5476B2F78241A0061301C /* ImageLoader.swift */,
			);
			path = Components;
			sourceTree = "<group>";
		};
		75F3FB4B2F7761B900FEC5C7 /* RSSInput */ = {
			isa = PBXGroup;
			children = (
				75B547642F780D630061301C /* RSSInputView.swift */,
				75F3FB4A2F7761B900FEC5C7 /* RSSInputViewModel.swift */,
			);
			path = RSSInput;
			sourceTree = "<group>";
		};
		75F3FB4E2F77633800FEC5C7 /* Extensions */ = {
			isa = PBXGroup;
			children = (
				75B547662F781BAB0061301C /* URLSession+Debug.swift */,
				75F3FB4D2F77633800FEC5C7 /* URL+RSS.swift */,
			);
			path = Extensions;
			sourceTree = "<group>";
		};
		75F3FB4F2F77633800FEC5C7 /* Core */ = {
			isa = PBXGroup;
			children = (
				75F3FB4E2F77633800FEC5C7 /* Extensions */,
			);
			path = Core;
			sourceTree = "<group>";
		};
/* End PBXGroup section */

/* Begin PBXNativeTarget section */
		756EADBB2F75AA8300C3E9B2 /* podcaxt */ = {
			isa = PBXNativeTarget;
			buildConfigurationList = 756EADE02F75AA8500C3E9B2 /* Build configuration list for PBXNativeTarget "podcaxt" */;
			buildPhases = (
				756EADB82F75AA8300C3E9B2 /* Sources */,
				756EADB92F75AA8300C3E9B2 /* Frameworks */,
				756EADBA2F75AA8300C3E9B2 /* Resources */,
			);
			buildRules = (
			);
			dependencies = (
			);
			name = podcaxt;
			productName = podcaxt;
			productReference = 756EADBC2F75AA8300C3E9B2 /* podcaxt.app */;
			productType = "com.apple.product-type.application";
		};
		756EADCB2F75AA8500C3E9B2 /* podcaxtTests */ = {
			isa = PBXNativeTarget;
			buildConfigurationList = 756EADE32F75AA8500C3E9B2 /* Build configuration list for PBXNativeTarget "podcaxtTests" */;
			buildPhases = (
				756EADC82F75AA8500C3E9B2 /* Sources */,
				756EADC92F75AA8500C3E9B2 /* Frameworks */,
				756EADCA2F75AA8500C3E9B2 /* Resources */,
			);
			buildRules = (
			);
			dependencies = (
				756EADCE2F75AA8500C3E9B2 /* PBXTargetDependency */,
			);
			name = podcaxtTests;
			productName = podcaxtTests;
			productReference = 756EADCC2F75AA8500C3E9B2 /* podcaxtTests.xctest */;
			productType = "com.apple.product-type.bundle.unit-test";
		};
		756EADD52F75AA8500C3E9B2 /* podcaxtUITests */ = {
			isa = PBXNativeTarget;
			buildConfigurationList = 756EADE62F75AA8500C3E9B2 /* Build configuration list for PBXNativeTarget "podcaxtUITests" */;
			buildPhases = (
				756EADD22F75AA8500C3E9B2 /* Sources */,
				756EADD32F75AA8500C3E9B2 /* Frameworks */,
				756EADD42F75AA8500C3E9B2 /* Resources */,
			);
			buildRules = (
			);
			dependencies = (
				756EADD82F75AA8500C3E9B2 /* PBXTargetDependency */,
			);
			name = podcaxtUITests;
			productName = podcaxtUITests;
			productReference = 756EADD62F75AA8500C3E9B2 /* podcaxtUITests.xctest */;
			productType = "com.apple.product-type.bundle.ui-testing";
		};
/* End PBXNativeTarget section */

/* Begin PBXProject section */
		756EADB42F75AA8300C3E9B2 /* Project object */ = {
			isa = PBXProject;
			attributes = {
				BuildIndependentTargetsInParallel = 1;
				LastSwiftUpdateCheck = 1540;
				LastUpgradeCheck = 1540;
				TargetAttributes = {
					756EADBB2F75AA8300C3E9B2 = {
						CreatedOnToolsVersion = 15.4;
					};
					756EADCB2F75AA8500C3E9B2 = {
						CreatedOnToolsVersion = 15.4;
						TestTargetID = 756EADBB2F75AA8300C3E9B2;
					};
					756EADD52F75AA8500C3E9B2 = {
						CreatedOnToolsVersion = 15.4;
						TestTargetID = 756EADBB2F75AA8300C3E9B2;
					};
				};
			};
			buildConfigurationList = 756EADB72F75AA8300C3E9B2 /* Build configuration list for PBXProject "podcaxt" */;
			compatibilityVersion = "Xcode 14.0";
			developmentRegion = en;
			hasScannedForEncodings = 0;
			knownRegions = (
				en,
				Base,
			);
			mainGroup = 756EADB32F75AA8300C3E9B2;
			productRefGroup = 756EADBD2F75AA8300C3E9B2 /* Products */;
			projectDirPath = "";
			projectRoot = "";
			targets = (
				756EADBB2F75AA8300C3E9B2 /* podcaxt */,
				756EADCB2F75AA8500C3E9B2 /* podcaxtTests */,
				756EADD52F75AA8500C3E9B2 /* podcaxtUITests */,
			);
		};
/* End PBXProject section */

/* Begin PBXResourcesBuildPhase section */
		756EADBA2F75AA8300C3E9B2 /* Resources */ = {
			isa = PBXResourcesBuildPhase;
			buildActionMask = 2147483647;
			files = (
				756EADC72F75AA8400C3E9B2 /* Preview Assets.xcassets in Resources */,
				756EADC42F75AA8400C3E9B2 /* Assets.xcassets in Resources */,
			);
			runOnlyForDeploymentPostprocessing = 0;
		};
		756EADCA2F75AA8500C3E9B2 /* Resources */ = {
			isa = PBXResourcesBuildPhase;
			buildActionMask = 2147483647;
			files = (
			);
			runOnlyForDeploymentPostprocessing = 0;
		};
		756EADD42F75AA8500C3E9B2 /* Resources */ = {
			isa = PBXResourcesBuildPhase;
			buildActionMask = 2147483647;
			files = (
			);
			runOnlyForDeploymentPostprocessing = 0;
		};
/* End PBXResourcesBuildPhase section */

/* Begin PBXSourcesBuildPhase section */
		756EADB82F75AA8300C3E9B2 /* Sources */ = {
			isa = PBXSourcesBuildPhase;
			buildActionMask = 2147483647;
			files = (
				75B547652F780D630061301C /* RSSInputView.swift in Sources */,
				756EADF12F75B63600C3E9B2 /* RSSFeedURL.swift in Sources */,
				756EADFF2F75C08F00C3E9B2 /* ImageService.swift in Sources */,
				75B547712F78435A0061301C /* Podcast+Mock.swift in Sources */,
				75F3FB502F77633800FEC5C7 /* URL+RSS.swift in Sources */,
				75B5476F2F7842B10061301C /* PodcastDetailView.swift in Sources */,
				75B5476A2F7822AF0061301C /* PodcastDetailViewModel.swift in Sources */,
				756EADFC2F75B89F00C3E9B2 /* ImageCache.swift in Sources */,
				75C2DC772F768CC70040CB75 /* PersistenceService.swift in Sources */,
				756EADF22F75B63600C3E9B2 /* Podcast.swift in Sources */,
				75B547672F781BAB0061301C /* URLSession+Debug.swift in Sources */,
				75F3FB4C2F7761B900FEC5C7 /* RSSInputViewModel.swift in Sources */,
				756EAE0A2F75CFCD00C3E9B2 /* RSSCache.swift in Sources */,
				75B5476D2F78241A0061301C /* ImageLoader.swift in Sources */,
				756EADF32F75B63600C3E9B2 /* Episode.swift in Sources */,
				756EAE102F75CFD400C3E9B2 /* RSSService.swift in Sources */,
				756EADC02F75AA8300C3E9B2 /* podcaxtApp.swift in Sources */,
				756EAE0F2F75CFD400C3E9B2 /* RSSParser.swift in Sources */,
				75C2DC792F76B34F0040CB75 /* AudioPlayerService.swift in Sources */,
			);
			runOnlyForDeploymentPostprocessing = 0;
		};
		756EADC82F75AA8500C3E9B2 /* Sources */ = {
			isa = PBXSourcesBuildPhase;
			buildActionMask = 2147483647;
			files = (
				756EADD12F75AA8500C3E9B2 /* podcaxtTests.swift in Sources */,
			);
			runOnlyForDeploymentPostprocessing = 0;
		};
		756EADD22F75AA8500C3E9B2 /* Sources */ = {
			isa = PBXSourcesBuildPhase;
			buildActionMask = 2147483647;
			files = (
				756EADDD2F75AA8500C3E9B2 /* podcaxtUITestsLaunchTests.swift in Sources */,
				756EADDB2F75AA8500C3E9B2 /* podcaxtUITests.swift in Sources */,
			);
			runOnlyForDeploymentPostprocessing = 0;
		};
/* End PBXSourcesBuildPhase section */

/* Begin PBXTargetDependency section */
		756EADCE2F75AA8500C3E9B2 /* PBXTargetDependency */ = {
			isa = PBXTargetDependency;
			target = 756EADBB2F75AA8300C3E9B2 /* podcaxt */;
			targetProxy = 756EADCD2F75AA8500C3E9B2 /* PBXContainerItemProxy */;
		};
		756EADD82F75AA8500C3E9B2 /* PBXTargetDependency */ = {
			isa = PBXTargetDependency;
			target = 756EADBB2F75AA8300C3E9B2 /* podcaxt */;
			targetProxy = 756EADD72F75AA8500C3E9B2 /* PBXContainerItemProxy */;
		};
/* End PBXTargetDependency section */

/* Begin XCBuildConfiguration section */
		756EADDE2F75AA8500C3E9B2 /* Debug */ = {
			isa = XCBuildConfiguration;
			buildSettings = {
				ALWAYS_SEARCH_USER_PATHS = NO;
				ASSETCATALOG_COMPILER_GENERATE_SWIFT_ASSET_SYMBOL_EXTENSIONS = YES;
				CLANG_ANALYZER_NONNULL = YES;
				CLANG_ANALYZER_NUMBER_OBJECT_CONVERSION = YES_AGGRESSIVE;
				CLANG_CXX_LANGUAGE_STANDARD = "gnu++20";
				CLANG_ENABLE_MODULES = YES;
				CLANG_ENABLE_OBJC_ARC = YES;
				CLANG_ENABLE_OBJC_WEAK = YES;
				CLANG_WARN_BLOCK_CAPTURE_AUTORELEASING = YES;
				CLANG_WARN_BOOL_CONVERSION = YES;
				CLANG_WARN_COMMA = YES;
				CLANG_WARN_CONSTANT_CONVERSION = YES;
				CLANG_WARN_DEPRECATED_OBJC_IMPLEMENTATIONS = YES;
				CLANG_WARN_DIRECT_OBJC_ISA_USAGE = YES_ERROR;
				CLANG_WARN_DOCUMENTATION_COMMENTS = YES;
				CLANG_WARN_EMPTY_BODY = YES;
				CLANG_WARN_ENUM_CONVERSION = YES;
				CLANG_WARN_INFINITE_RECURSION = YES;
				CLANG_WARN_INT_CONVERSION = YES;
				CLANG_WARN_NON_LITERAL_NULL_CONVERSION = YES;
				CLANG_WARN_OBJC_IMPLICIT_RETAIN_SELF = YES;
				CLANG_WARN_OBJC_LITERAL_CONVERSION = YES;
				CLANG_WARN_OBJC_ROOT_CLASS = YES_ERROR;
				CLANG_WARN_QUOTED_INCLUDE_IN_FRAMEWORK_HEADER = YES;
				CLANG_WARN_RANGE_LOOP_ANALYSIS = YES;
				CLANG_WARN_STRICT_PROTOTYPES = YES;
				CLANG_WARN_SUSPICIOUS_MOVE = YES;
				CLANG_WARN_UNGUARDED_AVAILABILITY = YES_AGGRESSIVE;
				CLANG_WARN_UNREACHABLE_CODE = YES;
				CLANG_WARN__DUPLICATE_METHOD_MATCH = YES;
				COPY_PHASE_STRIP = NO;
				DEBUG_INFORMATION_FORMAT = dwarf;
				ENABLE_STRICT_OBJC_MSGSEND = YES;
				ENABLE_TESTABILITY = YES;
				ENABLE_USER_SCRIPT_SANDBOXING = YES;
				GCC_C_LANGUAGE_STANDARD = gnu17;
				GCC_DYNAMIC_NO_PIC = NO;
				GCC_NO_COMMON_BLOCKS = YES;
				GCC_OPTIMIZATION_LEVEL = 0;
				GCC_PREPROCESSOR_DEFINITIONS = (
					"DEBUG=1",
					"$(inherited)",
				);
				GCC_WARN_64_TO_32_BIT_CONVERSION = YES;
				GCC_WARN_ABOUT_RETURN_TYPE = YES_ERROR;
				GCC_WARN_UNDECLARED_SELECTOR = YES;
				GCC_WARN_UNINITIALIZED_AUTOS = YES_AGGRESSIVE;
				GCC_WARN_UNUSED_FUNCTION = YES;
				GCC_WARN_UNUSED_VARIABLE = YES;
				IPHONEOS_DEPLOYMENT_TARGET = 17.5;
				LOCALIZATION_PREFERS_STRING_CATALOGS = YES;
				MTL_ENABLE_DEBUG_INFO = INCLUDE_SOURCE;
				MTL_FAST_MATH = YES;
				ONLY_ACTIVE_ARCH = YES;
				SDKROOT = iphoneos;
				SWIFT_ACTIVE_COMPILATION_CONDITIONS = "DEBUG $(inherited)";
				SWIFT_OPTIMIZATION_LEVEL = "-Onone";
			};
			name = Debug;
		};
		756EADDF2F75AA8500C3E9B2 /* Release */ = {
			isa = XCBuildConfiguration;
			buildSettings = {
				ALWAYS_SEARCH_USER_PATHS = NO;
				ASSETCATALOG_COMPILER_GENERATE_SWIFT_ASSET_SYMBOL_EXTENSIONS = YES;
				CLANG_ANALYZER_NONNULL = YES;
				CLANG_ANALYZER_NUMBER_OBJECT_CONVERSION = YES_AGGRESSIVE;
				CLANG_CXX_LANGUAGE_STANDARD = "gnu++20";
				CLANG_ENABLE_MODULES = YES;
				CLANG_ENABLE_OBJC_ARC = YES;
				CLANG_ENABLE_OBJC_WEAK = YES;
				CLANG_WARN_BLOCK_CAPTURE_AUTORELEASING = YES;
				CLANG_WARN_BOOL_CONVERSION = YES;
				CLANG_WARN_COMMA = YES;
				CLANG_WARN_CONSTANT_CONVERSION = YES;
				CLANG_WARN_DEPRECATED_OBJC_IMPLEMENTATIONS = YES;
				CLANG_WARN_DIRECT_OBJC_ISA_USAGE = YES_ERROR;
				CLANG_WARN_DOCUMENTATION_COMMENTS = YES;
				CLANG_WARN_EMPTY_BODY = YES;
				CLANG_WARN_ENUM_CONVERSION = YES;
				CLANG_WARN_INFINITE_RECURSION = YES;
				CLANG_WARN_INT_CONVERSION = YES;
				CLANG_WARN_NON_LITERAL_NULL_CONVERSION = YES;
				CLANG_WARN_OBJC_IMPLICIT_RETAIN_SELF = YES;
				CLANG_WARN_OBJC_LITERAL_CONVERSION = YES;
				CLANG_WARN_OBJC_ROOT_CLASS = YES_ERROR;
				CLANG_WARN_QUOTED_INCLUDE_IN_FRAMEWORK_HEADER = YES;
				CLANG_WARN_RANGE_LOOP_ANALYSIS = YES;
				CLANG_WARN_STRICT_PROTOTYPES = YES;
				CLANG_WARN_SUSPICIOUS_MOVE = YES;
				CLANG_WARN_UNGUARDED_AVAILABILITY = YES_AGGRESSIVE;
				CLANG_WARN_UNREACHABLE_CODE = YES;
				CLANG_WARN__DUPLICATE_METHOD_MATCH = YES;
				COPY_PHASE_STRIP = NO;
				DEBUG_INFORMATION_FORMAT = "dwarf-with-dsym";
				ENABLE_NS_ASSERTIONS = NO;
				ENABLE_STRICT_OBJC_MSGSEND = YES;
				ENABLE_USER_SCRIPT_SANDBOXING = YES;
				GCC_C_LANGUAGE_STANDARD = gnu17;
				GCC_NO_COMMON_BLOCKS = YES;
				GCC_WARN_64_TO_32_BIT_CONVERSION = YES;
				GCC_WARN_ABOUT_RETURN_TYPE = YES_ERROR;
				GCC_WARN_UNDECLARED_SELECTOR = YES;
				GCC_WARN_UNINITIALIZED_AUTOS = YES_AGGRESSIVE;
				GCC_WARN_UNUSED_FUNCTION = YES;
				GCC_WARN_UNUSED_VARIABLE = YES;
				IPHONEOS_DEPLOYMENT_TARGET = 17.5;
				LOCALIZATION_PREFERS_STRING_CATALOGS = YES;
				MTL_ENABLE_DEBUG_INFO = NO;
				MTL_FAST_MATH = YES;
				SDKROOT = iphoneos;
				SWIFT_COMPILATION_MODE = wholemodule;
				VALIDATE_PRODUCT = YES;
			};
			name = Release;
		};
		756EADE12F75AA8500C3E9B2 /* Debug */ = {
			isa = XCBuildConfiguration;
			buildSettings = {
				ASSETCATALOG_COMPILER_APPICON_NAME = AppIcon;
				ASSETCATALOG_COMPILER_GLOBAL_ACCENT_COLOR_NAME = AccentColor;
				CODE_SIGN_STYLE = Automatic;
				CURRENT_PROJECT_VERSION = 1;
				DEVELOPMENT_ASSET_PATHS = "\"podcaxt/Preview Content\"";
				ENABLE_PREVIEWS = YES;
				GENERATE_INFOPLIST_FILE = YES;
				INFOPLIST_KEY_UIApplicationSceneManifest_Generation = YES;
				INFOPLIST_KEY_UIApplicationSupportsIndirectInputEvents = YES;
				INFOPLIST_KEY_UILaunchScreen_Generation = YES;
				INFOPLIST_KEY_UISupportedInterfaceOrientations_iPad = "UIInterfaceOrientationPortrait UIInterfaceOrientationPortraitUpsideDown UIInterfaceOrientationLandscapeLeft UIInterfaceOrientationLandscapeRight";
				INFOPLIST_KEY_UISupportedInterfaceOrientations_iPhone = "UIInterfaceOrientationPortrait UIInterfaceOrientationLandscapeLeft UIInterfaceOrientationLandscapeRight";
				LD_RUNPATH_SEARCH_PATHS = (
					"$(inherited)",
					"@executable_path/Frameworks",
				);
				MARKETING_VERSION = 1.0;
				PRODUCT_BUNDLE_IDENTIFIER = com.rafaelmelo.podcaxt;
				PRODUCT_NAME = "$(TARGET_NAME)";
				SWIFT_EMIT_LOC_STRINGS = YES;
				SWIFT_VERSION = 5.0;
				TARGETED_DEVICE_FAMILY = "1,2";
			};
			name = Debug;
		};
		756EADE22F75AA8500C3E9B2 /* Release */ = {
			isa = XCBuildConfiguration;
			buildSettings = {
				ASSETCATALOG_COMPILER_APPICON_NAME = AppIcon;
				ASSETCATALOG_COMPILER_GLOBAL_ACCENT_COLOR_NAME = AccentColor;
				CODE_SIGN_STYLE = Automatic;
				CURRENT_PROJECT_VERSION = 1;
				DEVELOPMENT_ASSET_PATHS = "\"podcaxt/Preview Content\"";
				ENABLE_PREVIEWS = YES;
				GENERATE_INFOPLIST_FILE = YES;
				INFOPLIST_KEY_UIApplicationSceneManifest_Generation = YES;
				INFOPLIST_KEY_UIApplicationSupportsIndirectInputEvents = YES;
				INFOPLIST_KEY_UILaunchScreen_Generation = YES;
				INFOPLIST_KEY_UISupportedInterfaceOrientations_iPad = "UIInterfaceOrientationPortrait UIInterfaceOrientationPortraitUpsideDown UIInterfaceOrientationLandscapeLeft UIInterfaceOrientationLandscapeRight";
				INFOPLIST_KEY_UISupportedInterfaceOrientations_iPhone = "UIInterfaceOrientationPortrait UIInterfaceOrientationLandscapeLeft UIInterfaceOrientationLandscapeRight";
				LD_RUNPATH_SEARCH_PATHS = (
					"$(inherited)",
					"@executable_path/Frameworks",
				);
				MARKETING_VERSION = 1.0;
				PRODUCT_BUNDLE_IDENTIFIER = com.rafaelmelo.podcaxt;
				PRODUCT_NAME = "$(TARGET_NAME)";
				SWIFT_EMIT_LOC_STRINGS = YES;
				SWIFT_VERSION = 5.0;
				TARGETED_DEVICE_FAMILY = "1,2";
			};
			name = Release;
		};
		756EADE42F75AA8500C3E9B2 /* Debug */ = {
			isa = XCBuildConfiguration;
			buildSettings = {
				ALWAYS_EMBED_SWIFT_STANDARD_LIBRARIES = YES;
				BUNDLE_LOADER = "$(TEST_HOST)";
				CODE_SIGN_STYLE = Automatic;
				CURRENT_PROJECT_VERSION = 1;
				GENERATE_INFOPLIST_FILE = YES;
				IPHONEOS_DEPLOYMENT_TARGET = 17.5;
				MARKETING_VERSION = 1.0;
				PRODUCT_BUNDLE_IDENTIFIER = com.rafaelmelo.podcaxtTests;
				PRODUCT_NAME = "$(TARGET_NAME)";
				SWIFT_EMIT_LOC_STRINGS = NO;
				SWIFT_VERSION = 5.0;
				TARGETED_DEVICE_FAMILY = "1,2";
				TEST_HOST = "$(BUILT_PRODUCTS_DIR)/podcaxt.app/$(BUNDLE_EXECUTABLE_FOLDER_PATH)/podcaxt";
			};
			name = Debug;
		};
		756EADE52F75AA8500C3E9B2 /* Release */ = {
			isa = XCBuildConfiguration;
			buildSettings = {
				ALWAYS_EMBED_SWIFT_STANDARD_LIBRARIES = YES;
				BUNDLE_LOADER = "$(TEST_HOST)";
				CODE_SIGN_STYLE = Automatic;
				CURRENT_PROJECT_VERSION = 1;
				GENERATE_INFOPLIST_FILE = YES;
				IPHONEOS_DEPLOYMENT_TARGET = 17.5;
				MARKETING_VERSION = 1.0;
				PRODUCT_BUNDLE_IDENTIFIER = com.rafaelmelo.podcaxtTests;
				PRODUCT_NAME = "$(TARGET_NAME)";
				SWIFT_EMIT_LOC_STRINGS = NO;
				SWIFT_VERSION = 5.0;
				TARGETED_DEVICE_FAMILY = "1,2";
				TEST_HOST = "$(BUILT_PRODUCTS_DIR)/podcaxt.app/$(BUNDLE_EXECUTABLE_FOLDER_PATH)/podcaxt";
			};
			name = Release;
		};
		756EADE72F75AA8500C3E9B2 /* Debug */ = {
			isa = XCBuildConfiguration;
			buildSettings = {
				ALWAYS_EMBED_SWIFT_STANDARD_LIBRARIES = YES;
				CODE_SIGN_STYLE = Automatic;
				CURRENT_PROJECT_VERSION = 1;
				GENERATE_INFOPLIST_FILE = YES;
				MARKETING_VERSION = 1.0;
				PRODUCT_BUNDLE_IDENTIFIER = com.rafaelmelo.podcaxtUITests;
				PRODUCT_NAME = "$(TARGET_NAME)";
				SWIFT_EMIT_LOC_STRINGS = NO;
				SWIFT_VERSION = 5.0;
				TARGETED_DEVICE_FAMILY = "1,2";
				TEST_TARGET_NAME = podcaxt;
			};
			name = Debug;
		};
		756EADE82F75AA8500C3E9B2 /* Release */ = {
			isa = XCBuildConfiguration;
			buildSettings = {
				ALWAYS_EMBED_SWIFT_STANDARD_LIBRARIES = YES;
				CODE_SIGN_STYLE = Automatic;
				CURRENT_PROJECT_VERSION = 1;
				GENERATE_INFOPLIST_FILE = YES;
				MARKETING_VERSION = 1.0;
				PRODUCT_BUNDLE_IDENTIFIER = com.rafaelmelo.podcaxtUITests;
				PRODUCT_NAME = "$(TARGET_NAME)";
				SWIFT_EMIT_LOC_STRINGS = NO;
				SWIFT_VERSION = 5.0;
				TARGETED_DEVICE_FAMILY = "1,2";
				TEST_TARGET_NAME = podcaxt;
			};
			name = Release;
		};
/* End XCBuildConfiguration section */

/* Begin XCConfigurationList section */
		756EADB72F75AA8300C3E9B2 /* Build configuration list for PBXProject "podcaxt" */ = {
			isa = XCConfigurationList;
			buildConfigurations = (
				756EADDE2F75AA8500C3E9B2 /* Debug */,
				756EADDF2F75AA8500C3E9B2 /* Release */,
			);
			defaultConfigurationIsVisible = 0;
			defaultConfigurationName = Release;
		};
		756EADE02F75AA8500C3E9B2 /* Build configuration list for PBXNativeTarget "podcaxt" */ = {
			isa = XCConfigurationList;
			buildConfigurations = (
				756EADE12F75AA8500C3E9B2 /* Debug */,
				756EADE22F75AA8500C3E9B2 /* Release */,
			);
			defaultConfigurationIsVisible = 0;
			defaultConfigurationName = Release;
		};
		756EADE32F75AA8500C3E9B2 /* Build configuration list for PBXNativeTarget "podcaxtTests" */ = {
			isa = XCConfigurationList;
			buildConfigurations = (
				756EADE42F75AA8500C3E9B2 /* Debug */,
				756EADE52F75AA8500C3E9B2 /* Release */,
			);
			defaultConfigurationIsVisible = 0;
			defaultConfigurationName = Release;
		};
		756EADE62F75AA8500C3E9B2 /* Build configuration list for PBXNativeTarget "podcaxtUITests" */ = {
			isa = XCConfigurationList;
			buildConfigurations = (
				756EADE72F75AA8500C3E9B2 /* Debug */,
				756EADE82F75AA8500C3E9B2 /* Release */,
			);
			defaultConfigurationIsVisible = 0;
			defaultConfigurationName = Release;
		};
/* End XCConfigurationList section */
	};
	rootObject = 756EADB42F75AA8300C3E9B2 /* Project object */;
}
